
Microsoft Visual Studio Solution File, Format Version 12.00
# Visual Studio Version 16
VisualStudioVersion = 16.0.32002.261
MinimumVisualStudioVersion = 10.0.40219.1
Project("{9A19103F-16F7-4668-BE54-9A1E7A4F7556}") = "LevelUpCSharp.Linq.Exercises", "LevelUpCSharp.Linq.Exercises\LevelUpCSharp.Linq.Exercises.csproj", "{F2E5305C-F4B1-4A68-B5B3-3946D7407563}"
EndProject
Project("{9A19103F-16F7-4668-BE54-9A1E7A4F7556}") = "LevelUpCSharp.App", "LevelUpCSharp.App\LevelUpCSharp.App.csproj", "{7FC6D2B9-2A17-4668-B3EE-12422BBEFCAC}"
EndProject
Project("{9A19103F-16F7-4668-BE54-9A1E7A4F7556}") = "LevelUpCSharp.Domain", "LevelUpCSharp.Domain\LevelUpCSharp.Domain.csproj", "{22FFBBA9-662F-4027-A7CE-5D05BFAF193E}"
EndProject
Project("{9A19103F-16F7-4668-BE54-9A1E7A4F7556}") = "LevelUpCSharp.Tools", "LevelUpCSharp.Tools\LevelUpCSharp.Tools.csproj", "{79BA48EA-5C5D-46A2-9F01-D6A590C42148}"
EndProject
Project("{9A19103F-16F7-4668-BE54-9A1E7A4F7556}") = "LevelUpCSharp.Domain.Tests", "LevelUpCSharp.Domain.Tests\LevelUpCSharp.Domain.Tests.csproj", "{4E457D80-58DF-49C9-8E23-725E76AA13E0}"
EndProject
Project("{2150E333-8FDC-42A3-9474-1A3956D46DE8}") = "Tests", "Tests", "{AEADA789-2BD4-4AA6-A71A-FB65FE021559}"
EndProject
Project("{9A19103F-16F7-4668-BE54-9A1E7A4F7556}") = "LevelUpCSharp.Concurrency", "LevelUpCSharp.Concurrency\LevelUpCSharp.Concurrency.csproj", "{54041E7E-3BAC-47C3-8107-C66D11D2FB87}"
EndProject
Project("{9A19103F-16F7-4668-BE54-9A1E7A4F7556}") = "LevelUpCSharp.Tools.Tests", "LevelUpCSharp.Tools.Tests\LevelUpCSharp.Tools.Tests.csproj", "{E7940A19-7A98-4A26-AE1B-343F7183C069}"
EndProject
Project("{FAE04EC0-301F-11D3-BF4B-00C04F79EFBC}") = "LevelUpCSharp.Tools.PerformanceTests", "LevelUpCSharp.Tools.PerformanceTests\LevelUpCSharp.Tools.PerformanceTests.csproj", "{D472F87A-B3D1-4DEE-8287-D69FF09A401A}"
EndProject
Global
	GlobalSection(SolutionConfigurationPlatforms) = preSolution
		Debug|Any CPU = Debug|Any CPU
		Release|Any CPU = Release|Any CPU
	EndGlobalSection
	GlobalSection(ProjectConfigurationPlatforms) = postSolution
		{F2E5305C-F4B1-4A68-B5B3-3946D7407563}.Debug|Any CPU.ActiveCfg = Debug|Any CPU
		{F2E5305C-F4B1-4A68-B5B3-3946D7407563}.Debug|Any CPU.Build.0 = Debug|Any CPU
		{F2E5305C-F4B1-4A68-B5B3-3946D7407563}.Release|Any CPU.ActiveCfg = Release|Any CPU
		{F2E5305C-F4B1-4A68-B5B3-3946D7407563}.Release|Any CPU.Build.0 = Release|Any CPU
		{7FC6D2B9-2A17-4668-B3EE-12422BBEFCAC}.Debug|Any CPU.ActiveCfg = Debug|Any CPU
		{7FC6D2B9-2A17-4668-B3EE-12422BBEFCAC}.Debug|Any CPU.Build.0 = Debug|Any CPU
		{7FC6D2B9-2A17-4668-B3EE-12422BBEFCAC}.Release|Any CPU.ActiveCfg = Release|Any CPU
		{7FC6D2B9-2A17-4668-B3EE-12422BBEFCAC}.Release|Any CPU.Build.0 = Release|Any CPU
		{22FFBBA9-662F-4027-A7CE-5D05BFAF193E}.Debug|Any CPU.ActiveCfg = Debug|Any CPU
		{22FFBBA9-662F-4027-A7CE-5D05BFAF193E}.Debug|Any CPU.Build.0 = Debug|Any CPU
		{22FFBBA9-662F-4027-A7CE-5D05BFAF193E}.Release|Any CPU.ActiveCfg = Release|Any CPU
		{22FFBBA9-662F-4027-A7CE-5D05BFAF193E}.Release|Any CPU.Build.0 = Release|Any CPU
		{79BA48EA-5C5D-46A2-9F01-D6A590C42148}.Debug|Any CPU.ActiveCfg = Debug|Any CPU
		{79BA48EA-5C5D-46A2-9F01-D6A590C42148}.Debug|Any CPU.Build.0 = Debug|Any CPU
		{79BA48EA-5C5D-46A2-9F01-D6A590C42148}.Release|Any CPU.ActiveCfg = Release|Any CPU
		{79BA48EA-5C5D-46A2-9F01-D6A590C42148}.Release|Any CPU.Build.0 = Release|Any CPU
		{4E457D80-58DF-49C9-8E23-725E76AA13E0}.Debug|Any CPU.ActiveCfg = Debug|Any CPU
		{4E457D80-58DF-49C9-8E23-725E76AA13E0}.Debug|Any CPU.Build.0 = Debug|Any CPU
		{4E457D80-58DF-49C9-8E23-725E76AA13E0}.Release|Any CPU.ActiveCfg = Release|Any CPU
		{4E457D80-58DF-49C9-8E23-725E76AA13E0}.Release|Any CPU.Build.0 = Release|Any CPU
		{54041E7E-3BAC-47C3-8107-C66D11D2FB87}.Debug|Any CPU.ActiveCfg = Debug|Any CPU
		{54041E7E-3BAC-47C3-8107-C66D11D2FB87}.Debug|Any CPU.Build.0 = Debug|Any CPU
		{54041E7E-3BAC-47C3-8107-C66D11D2FB87}.Release|Any CPU.ActiveCfg = Release|Any CPU
		{54041E7E-3BAC-47C3-8107-C66D11D2FB87}.Release|Any CPU.Build.0 = Release|Any CPU
		{E7940A19-7A98-4A26-AE1B-343F7183C069}.Debug|Any CPU.ActiveCfg = Debug|Any CPU
		{E7940A19-7A98-4A26-AE1B-343F7183C069}.Debug|Any CPU.Build.0 = Debug|Any CPU
		{E7940A19-7A98-4A26-AE1B-343F7183C069}.Release|Any CPU.ActiveCfg = Release|Any CPU
		{E7940A19-7A98-4A26-AE1B-343F7183C069}.Release|Any CPU.Build.0 = Release|Any CPU
		{D472F87A-B3D1-4DEE-8287-D69FF09A401A}.Debug|Any CPU.ActiveCfg = Debug|Any CPU
		{D472F87A-B3D1-4DEE-8287-D69FF09A401A}.Debug|Any CPU.Build.0 = Debug|Any CPU
		{D472F87A-B3D1-4DEE-8287-D69FF09A401A}.Release|Any CPU.ActiveCfg = Release|Any CPU
		{D472F87A-B3D1-4DEE-8287-D69FF09A401A}.Release|Any CPU.Build.0 = Release|Any CPU
	EndGlobalSection
	GlobalSection(SolutionProperties) = preSolution
		HideSolutionNode = FALSE
	EndGlobalSection
	GlobalSection(NestedProjects) = preSolution
		{4E457D80-58DF-49C9-8E23-725E76AA13E0} = {AEADA789-2BD4-4AA6-A71A-FB65FE021559}
		{E7940A19-7A98-4A26-AE1B-343F7183C069} = {AEADA789-2BD4-4AA6-A71A-FB65FE021559}
		{D472F87A-B3D1-4DEE-8287-D69FF09A401A} = {AEADA789-2BD4-4AA6-A71A-FB65FE021559}
	EndGlobalSection
	GlobalSection(ExtensibilityGlobals) = postSolution
		SolutionGuid = {F0C311C5-778C-4F4C-A768-5897E04B964D}
	EndGlobalSection
EndGlobal
